
Microsoft Visual Studio Solution File, Format Version 12.00
# Visual Studio Version 17
VisualStudioVersion = 17.14.36414.22 d17.14
MinimumVisualStudioVersion = 10.0.40219.1
Project("{FAE04EC0-301F-11D3-BF4B-00C04F79EFBC}") = "Tp", "Tp\Tp.csproj", "{9B60AD09-473C-41A3-B73A-A6B416F254A2}"
EndProject
Global
	GlobalSection(SolutionConfigurationPlatforms) = preSolution
		Debug|Any CPU = Debug|Any CPU
		Release|Any CPU = Release|Any CPU
	EndGlobalSection
	GlobalSection(ProjectConfigurationPlatforms) = postSolution
		{9B60AD09-473C-41A3-B73A-A6B416F254A2}.Debug|Any CPU.ActiveCfg = Debug|Any CPU
		{9B60AD09-473C-41A3-B73A-A6B416F254A2}.Debug|Any CPU.Build.0 = Debug|Any CPU
		{9B60AD09-473C-41A3-B73A-A6B416F254A2}.Release|Any CPU.ActiveCfg = Release|Any CPU
		{9B60AD09-473C-41A3-B73A-A6B416F254A2}.Release|Any CPU.Build.0 = Release|Any CPU
	EndGlobalSection
	GlobalSection(SolutionProperties) = preSolution
		HideSolutionNode = FALSE
	EndGlobalSection
	GlobalSection(ExtensibilityGlobals) = postSolution
		SolutionGuid = {29F3F25F-3DD7-4F91-961F-1F051F10C564}
	EndGlobalSection
EndGlobal
